
Microsoft Visual Studio Solution File, Format Version 12.00
# Visual Studio 2013
VisualStudioVersion = 12.0.21005.1
MinimumVisualStudioVersion = 10.0.40219.1
Project("{FAE04EC0-301F-11D3-BF4B-00C04F79EFBC}") = "RPN", "RPN.csproj", "{40DF67BF-4C5B-468E-B04A-7761CFA3101A}"
EndProject
Project("{FAE04EC0-301F-11D3-BF4B-00C04F79EFBC}") = "RPNTests", "Tests\RPNTests.csproj", "{3ACA7F8B-4B3F-4DAC-BE01-772562D9A94B}"
EndProject
Global
	GlobalSection(SolutionConfigurationPlatforms) = preSolution
		Debug|Any CPU = Debug|Any CPU
		Release|Any CPU = Release|Any CPU
	EndGlobalSection
	GlobalSection(ProjectConfigurationPlatforms) = postSolution
		{40DF67BF-4C5B-468E-B04A-7761CFA3101A}.Debug|Any CPU.ActiveCfg = Debug|Any CPU
		{40DF67BF-4C5B-468E-B04A-7761CFA3101A}.Debug|Any CPU.Build.0 = Debug|Any CPU
		{40DF67BF-4C5B-468E-B04A-7761CFA3101A}.Release|Any CPU.ActiveCfg = Release|Any CPU
		{40DF67BF-4C5B-468E-B04A-7761CFA3101A}.Release|Any CPU.Build.0 = Release|Any CPU
		{3ACA7F8B-4B3F-4DAC-BE01-772562D9A94B}.Debug|Any CPU.ActiveCfg = Debug|Any CPU
		{3ACA7F8B-4B3F-4DAC-BE01-772562D9A94B}.Debug|Any CPU.Build.0 = Debug|Any CPU
		{3ACA7F8B-4B3F-4DAC-BE01-772562D9A94B}.Release|Any CPU.ActiveCfg = Release|Any CPU
		{3ACA7F8B-4B3F-4DAC-BE01-772562D9A94B}.Release|Any CPU.Build.0 = Release|Any CPU
	EndGlobalSection
	GlobalSection(SolutionProperties) = preSolution
		HideSolutionNode = FALSE
	EndGlobalSection
EndGlobal
